
Microsoft Visual Studio Solution File, Format Version 12.00
# Visual Studio Version 17
VisualStudioVersion = 17.6.33712.159
MinimumVisualStudioVersion = 10.0.40219.1
Project("{FAE04EC0-301F-11D3-BF4B-00C04F79EFBC}") = "GraphQLSample", "GraphQLSample\GraphQLSample.csproj", "{0CB552CD-5E64-40B3-ACEC-EC760EDB3044}"
EndProject
Global
	GlobalSection(SolutionConfigurationPlatforms) = preSolution
		Debug|Any CPU = Debug|Any CPU
		Release|Any CPU = Release|Any CPU
	EndGlobalSection
	GlobalSection(ProjectConfigurationPlatforms) = postSolution
		{0CB552CD-5E64-40B3-ACEC-EC760EDB3044}.Debug|Any CPU.ActiveCfg = Debug|Any CPU
		{0CB552CD-5E64-40B3-ACEC-EC760EDB3044}.Debug|Any CPU.Build.0 = Debug|Any CPU
		{0CB552CD-5E64-40B3-ACEC-EC760EDB3044}.Release|Any CPU.ActiveCfg = Release|Any CPU
		{0CB552CD-5E64-40B3-ACEC-EC760EDB3044}.Release|Any CPU.Build.0 = Release|Any CPU
	EndGlobalSection
	GlobalSection(SolutionProperties) = preSolution
		HideSolutionNode = FALSE
	EndGlobalSection
	GlobalSection(ExtensibilityGlobals) = postSolution
		SolutionGuid = {0FD3FB2C-62A5-43DC-B335-462387C0F442}
	EndGlobalSection
EndGlobal
